
Microsoft Visual Studio Solution File, Format Version 12.00
# Visual Studio Version 17
VisualStudioVersion = 17.13.35818.85
MinimumVisualStudioVersion = 10.0.40219.1
Project("{FAE04EC0-301F-11D3-BF4B-00C04F79EFBC}") = "DeveloperStore.Api", "src\DeveloperStore.Api\DeveloperStore.Api.csproj", "{92BF8BA6-329B-C8C4-49D0-065CE74A30B4}"
EndProject
Project("{FAE04EC0-301F-11D3-BF4B-00C04F79EFBC}") = "DeveloperStore.Data", "src\DeveloperStore.Data\DeveloperStore.Data.csproj", "{F35FC112-C804-B8CD-16BF-691BF04792E0}"
EndProject
Project("{FAE04EC0-301F-11D3-BF4B-00C04F79EFBC}") = "DeveloperStore.App", "src\DeveloperStore.App\DeveloperStore.App.csproj", "{5EA7ACAF-AABB-3F72-D86D-E6B87AADC622}"
EndProject
Project("{FAE04EC0-301F-11D3-BF4B-00C04F79EFBC}") = "DeveloperStore.Business", "src\DeveloperStore.Business\DeveloperStore.Business.csproj", "{26D1F8F6-8058-3058-21F4-88A80C304B4F}"
EndProject
Global
	GlobalSection(SolutionConfigurationPlatforms) = preSolution
		Debug|Any CPU = Debug|Any CPU
		Release|Any CPU = Release|Any CPU
	EndGlobalSection
	GlobalSection(ProjectConfigurationPlatforms) = postSolution
		{92BF8BA6-329B-C8C4-49D0-065CE74A30B4}.Debug|Any CPU.ActiveCfg = Debug|Any CPU
		{92BF8BA6-329B-C8C4-49D0-065CE74A30B4}.Debug|Any CPU.Build.0 = Debug|Any CPU
		{92BF8BA6-329B-C8C4-49D0-065CE74A30B4}.Release|Any CPU.ActiveCfg = Release|Any CPU
		{92BF8BA6-329B-C8C4-49D0-065CE74A30B4}.Release|Any CPU.Build.0 = Release|Any CPU
		{F35FC112-C804-B8CD-16BF-691BF04792E0}.Debug|Any CPU.ActiveCfg = Debug|Any CPU
		{F35FC112-C804-B8CD-16BF-691BF04792E0}.Debug|Any CPU.Build.0 = Debug|Any CPU
		{F35FC112-C804-B8CD-16BF-691BF04792E0}.Release|Any CPU.ActiveCfg = Release|Any CPU
		{F35FC112-C804-B8CD-16BF-691BF04792E0}.Release|Any CPU.Build.0 = Release|Any CPU
		{5EA7ACAF-AABB-3F72-D86D-E6B87AADC622}.Debug|Any CPU.ActiveCfg = Debug|Any CPU
		{5EA7ACAF-AABB-3F72-D86D-E6B87AADC622}.Debug|Any CPU.Build.0 = Debug|Any CPU
		{5EA7ACAF-AABB-3F72-D86D-E6B87AADC622}.Release|Any CPU.ActiveCfg = Release|Any CPU
		{5EA7ACAF-AABB-3F72-D86D-E6B87AADC622}.Release|Any CPU.Build.0 = Release|Any CPU
		{26D1F8F6-8058-3058-21F4-88A80C304B4F}.Debug|Any CPU.ActiveCfg = Debug|Any CPU
		{26D1F8F6-8058-3058-21F4-88A80C304B4F}.Debug|Any CPU.Build.0 = Debug|Any CPU
		{26D1F8F6-8058-3058-21F4-88A80C304B4F}.Release|Any CPU.ActiveCfg = Release|Any CPU
		{26D1F8F6-8058-3058-21F4-88A80C304B4F}.Release|Any CPU.Build.0 = Release|Any CPU
	EndGlobalSection
	GlobalSection(SolutionProperties) = preSolution
		HideSolutionNode = FALSE
	EndGlobalSection
	GlobalSection(ExtensibilityGlobals) = postSolution
		SolutionGuid = {8833CE1E-FEB5-49C6-84B2-5A9AD63BC26C}
	EndGlobalSection
EndGlobal
